#MicroXplorer Configuration settings - do not modify
ADC1.Channel-0\#ChannelRegularConversion=ADC_CHANNEL_0
ADC1.ClockPrescaler=ADC_CLOCK_SYNC_PCLK_DIV2
ADC1.ContinuousConvMode=ENABLE
ADC1.DMAContinuousRequests=DISABLE
ADC1.DataAlign=ADC_DATAALIGN_RIGHT
ADC1.DiscontinuousConvMode=DISABLE
ADC1.EOCSelection=ADC_EOC_SEQ_CONV
ADC1.EnableAnalogWatchDog=false
ADC1.ExternalTrigConvEdge=ADC_EXTERNALTRIGCONVEDGE_NONE
ADC1.IPParameters=Rank-0\#ChannelRegularConversion,Channel-0\#ChannelRegularConversion,SamplingTime-0\#ChannelRegularConversion,NbrOfConversionFlag,master,ClockPrescaler,NbrOfConversion,InjNumberOfConversion,ScanConvMode,EOCSelection,ContinuousConvMode,Resolution,DataAlign,DiscontinuousConvMode,DMAContinuousRequests,ExternalTrigConvEdge,EnableAnalogWatchDog
ADC1.InjNumberOfConversion=0
ADC1.NbrOfConversion=1
ADC1.NbrOfConversionFlag=1
ADC1.Rank-0\#ChannelRegularConversion=1
ADC1.Resolution=ADC_RESOLUTION_12B
ADC1.SamplingTime-0\#ChannelRegularConversion=ADC_SAMPLETIME_144CYCLES
ADC1.ScanConvMode=DISABLE
ADC1.master=1
DAC.DAC_OutputBuffer2=DAC_OUTPUTBUFFER_ENABLE
DAC.DAC_Trigger2=DAC_TRIGGER_T6_TRGO
DAC.IPParameters=DAC_Trigger2,WaveGeneration2,DAC_OutputBuffer2
DAC.WaveGeneration2=DISABLE
DCMI.IPParameters=PCKPolarity,VSPolarity,JPEGMode
DCMI.JPEGMode=DCMI_JPEG_ENABLE
DCMI.PCKPolarity=DCMI_PCKPOLARITY_RISING
DCMI.VSPolarity=DCMI_VSPOLARITY_LOW
Dma.DAC2.0.Direction=DMA_MEMORY_TO_PERIPH
Dma.DAC2.0.FIFOMode=DMA_FIFOMODE_ENABLE
Dma.DAC2.0.FIFOThreshold=DMA_FIFO_THRESHOLD_FULL
Dma.DAC2.0.Instance=DMA1_Stream6
Dma.DAC2.0.MemBurst=DMA_MBURST_INC4
Dma.DAC2.0.MemDataAlignment=DMA_MDATAALIGN_BYTE
Dma.DAC2.0.MemInc=DMA_MINC_ENABLE
Dma.DAC2.0.Mode=DMA_CIRCULAR
Dma.DAC2.0.PeriphBurst=DMA_PBURST_SINGLE
Dma.DAC2.0.PeriphDataAlignment=DMA_PDATAALIGN_BYTE
Dma.DAC2.0.PeriphInc=DMA_PINC_DISABLE
Dma.DAC2.0.Priority=DMA_PRIORITY_HIGH
Dma.DAC2.0.RequestParameters=Instance,Direction,PeriphInc,MemInc,PeriphDataAlignment,MemDataAlignment,Mode,Priority,FIFOMode,FIFOThreshold,MemBurst,PeriphBurst
Dma.DCMI.2.Direction=DMA_PERIPH_TO_MEMORY
Dma.DCMI.2.FIFOMode=DMA_FIFOMODE_ENABLE
Dma.DCMI.2.FIFOThreshold=DMA_FIFO_THRESHOLD_FULL
Dma.DCMI.2.Instance=DMA2_Stream1
Dma.DCMI.2.MemBurst=DMA_MBURST_INC4
Dma.DCMI.2.MemDataAlignment=DMA_MDATAALIGN_WORD
Dma.DCMI.2.MemInc=DMA_MINC_ENABLE
Dma.DCMI.2.Mode=DMA_NORMAL
Dma.DCMI.2.PeriphBurst=DMA_PBURST_SINGLE
Dma.DCMI.2.PeriphDataAlignment=DMA_PDATAALIGN_WORD
Dma.DCMI.2.PeriphInc=DMA_PINC_DISABLE
Dma.DCMI.2.Priority=DMA_PRIORITY_HIGH
Dma.DCMI.2.RequestParameters=Instance,Direction,PeriphInc,MemInc,PeriphDataAlignment,MemDataAlignment,Mode,Priority,FIFOMode,FIFOThreshold,MemBurst,PeriphBurst
Dma.Request0=DAC2
Dma.Request1=USART2_RX
Dma.Request2=DCMI
Dma.RequestsNb=3
Dma.USART2_RX.1.Direction=DMA_PERIPH_TO_MEMORY
Dma.USART2_RX.1.FIFOMode=DMA_FIFOMODE_DISABLE
Dma.USART2_RX.1.Instance=DMA1_Stream5
Dma.USART2_RX.1.MemDataAlignment=DMA_MDATAALIGN_BYTE
Dma.USART2_RX.1.MemInc=DMA_MINC_ENABLE
Dma.USART2_RX.1.Mode=DMA_CIRCULAR
Dma.USART2_RX.1.PeriphDataAlignment=DMA_PDATAALIGN_BYTE
Dma.USART2_RX.1.PeriphInc=DMA_PINC_DISABLE
Dma.USART2_RX.1.Priority=DMA_PRIORITY_LOW
Dma.USART2_RX.1.RequestParameters=Instance,Direction,PeriphInc,MemInc,PeriphDataAlignment,MemDataAlignment,Mode,Priority,FIFOMode
File.Version=6
IWDG.IPParameters=Prescaler,Reload
IWDG.Prescaler=IWDG_PRESCALER_32
IWDG.Reload=2000
KeepUserPlacement=true
Mcu.Family=STM32F4
Mcu.IP0=ADC1
Mcu.IP1=CRC
Mcu.IP10=TIM6
Mcu.IP11=USART2
Mcu.IP2=DAC
Mcu.IP3=DCMI
Mcu.IP4=DMA
Mcu.IP5=I2C2
Mcu.IP6=IWDG
Mcu.IP7=NVIC
Mcu.IP8=RCC
Mcu.IP9=SYS
Mcu.IPNb=12
Mcu.Name=STM32F446R(C-E)Tx
Mcu.Package=LQFP64
Mcu.Pin0=PC13
Mcu.Pin1=PC14-OSC32_IN
Mcu.Pin10=PA6
Mcu.Pin11=PC4
Mcu.Pin12=PC5
Mcu.Pin13=PB0
Mcu.Pin14=PB1
Mcu.Pin15=PB10
Mcu.Pin16=PC6
Mcu.Pin17=PC7
Mcu.Pin18=PC8
Mcu.Pin19=PC9
Mcu.Pin2=PH0-OSC_IN
Mcu.Pin20=PA8
Mcu.Pin21=PA11
Mcu.Pin22=PA13
Mcu.Pin23=PA14
Mcu.Pin24=PA15
Mcu.Pin25=PC10
Mcu.Pin26=PC11
Mcu.Pin27=PC12
Mcu.Pin28=PB3
Mcu.Pin29=PB6
Mcu.Pin3=PH1-OSC_OUT
Mcu.Pin30=PB7
Mcu.Pin31=PB8
Mcu.Pin32=PB9
Mcu.Pin33=VP_ADC1_TempSens_Input
Mcu.Pin34=VP_CRC_VS_CRC
Mcu.Pin35=VP_IWDG_VS_IWDG
Mcu.Pin36=VP_SYS_VS_Systick
Mcu.Pin37=VP_TIM6_VS_ClockSourceINT
Mcu.Pin4=PA0-WKUP
Mcu.Pin5=PA1
Mcu.Pin6=PA2
Mcu.Pin7=PA3
Mcu.Pin8=PA4
Mcu.Pin9=PA5
Mcu.PinsNb=38
Mcu.UserConstants=
Mcu.UserName=STM32F446RETx
MxCube.Version=4.17.0
MxDb.Version=DB.4.0.170
NVIC.BusFault_IRQn=true\:0\:0\:false\:false\:false
NVIC.DCMI_IRQn=true\:1\:0\:true\:false\:true
NVIC.DMA1_Stream5_IRQn=true\:2\:0\:true\:false\:true
NVIC.DMA1_Stream6_IRQn=true\:1\:0\:true\:false\:true
NVIC.DMA2_Stream1_IRQn=true\:1\:0\:true\:false\:true
NVIC.DebugMonitor_IRQn=true\:0\:0\:false\:false\:false
NVIC.HardFault_IRQn=true\:0\:0\:false\:false\:false
NVIC.MemoryManagement_IRQn=true\:0\:0\:false\:false\:false
NVIC.NonMaskableInt_IRQn=true\:0\:0\:false\:false\:false
NVIC.PendSV_IRQn=true\:0\:0\:false\:false\:false
NVIC.PriorityGroup=NVIC_PRIORITYGROUP_2
NVIC.SVCall_IRQn=true\:0\:0\:false\:false\:false
NVIC.SysTick_IRQn=true\:0\:0\:true\:false\:true
NVIC.USART2_IRQn=true\:2\:0\:true\:false\:true
NVIC.UsageFault_IRQn=true\:0\:0\:false\:false\:false
PA0-WKUP.Signal=ADCx_IN0
PA1.GPIOParameters=GPIO_Label
PA1.GPIO_Label=GPIO_START
PA1.Locked=true
PA1.Signal=GPIO_Input
PA11.GPIOParameters=GPIO_Label
PA11.GPIO_Label=CAM_RST
PA11.Locked=true
PA11.Signal=GPIO_Output
PA13.Mode=Trace_Asynchronous_SW
PA13.Signal=SYS_JTMS-SWDIO
PA14.Mode=Trace_Asynchronous_SW
PA14.Signal=SYS_JTCK-SWCLK
PA15.GPIOParameters=GPIO_Label
PA15.GPIO_Label=CAM_ENB
PA15.Locked=true
PA15.Signal=GPIO_Output
PA2.GPIOParameters=GPIO_Speed,GPIO_PuPd,GPIO_Mode
PA2.GPIO_Mode=GPIO_MODE_AF_PP
PA2.GPIO_PuPd=GPIO_PULLUP
PA2.GPIO_Speed=GPIO_SPEED_FREQ_VERY_HIGH
PA2.Mode=Asynchronous
PA2.Signal=USART2_TX
PA3.GPIOParameters=GPIO_Speed,GPIO_PuPd,GPIO_Mode
PA3.GPIO_Mode=GPIO_MODE_AF_PP
PA3.GPIO_PuPd=GPIO_PULLUP
PA3.GPIO_Speed=GPIO_SPEED_FREQ_VERY_HIGH
PA3.Mode=Asynchronous
PA3.Signal=USART2_RX
PA4.GPIOParameters=GPIO_Speed
PA4.GPIO_Speed=GPIO_SPEED_FREQ_VERY_HIGH
PA4.Mode=Slave_8_bits_External_Synchro
PA4.Signal=DCMI_HSYNC
PA5.Signal=COMP_DAC2_group
PA6.GPIOParameters=GPIO_Speed
PA6.GPIO_Speed=GPIO_SPEED_FREQ_VERY_HIGH
PA6.Mode=Slave_8_bits_External_Synchro
PA6.Signal=DCMI_PIXCLK
PA8.GPIOParameters=GPIO_Label,GPIO_Speed
PA8.GPIO_Label=XCLK
PA8.GPIO_Speed=GPIO_SPEED_FREQ_VERY_HIGH
PA8.Locked=true
PA8.Signal=GPIO_Output
PB0.GPIOParameters=GPIO_Label
PB0.GPIO_Label=LED_R
PB0.Locked=true
PB0.Signal=GPIO_Output
PB1.GPIOParameters=GPIO_Label
PB1.GPIO_Label=LED_G
PB1.Locked=true
PB1.Signal=GPIO_Output
PB10.Mode=I2C
PB10.Signal=I2C2_SCL
PB3.Mode=Trace_Asynchronous_SW
PB3.Signal=SYS_JTDO-SWO
PB6.GPIOParameters=GPIO_Speed
PB6.GPIO_Speed=GPIO_SPEED_FREQ_VERY_HIGH
PB6.Mode=Slave_8_bits_External_Synchro
PB6.Signal=DCMI_D5
PB7.GPIOParameters=GPIO_Speed
PB7.GPIO_Speed=GPIO_SPEED_FREQ_VERY_HIGH
PB7.Mode=Slave_8_bits_External_Synchro
PB7.Signal=DCMI_VSYNC
PB8.GPIOParameters=GPIO_Speed
PB8.GPIO_Speed=GPIO_SPEED_FREQ_VERY_HIGH
PB8.Mode=Slave_8_bits_External_Synchro
PB8.Signal=DCMI_D6
PB9.GPIOParameters=GPIO_Speed
PB9.GPIO_Speed=GPIO_SPEED_FREQ_VERY_HIGH
PB9.Mode=Slave_8_bits_External_Synchro
PB9.Signal=DCMI_D7
PC10.GPIOParameters=GPIO_Label
PC10.GPIO_Label=GPIO_M1
PC10.Locked=true
PC10.Signal=GPIO_Input
PC11.GPIOParameters=GPIO_Speed
PC11.GPIO_Speed=GPIO_SPEED_FREQ_VERY_HIGH
PC11.Mode=Slave_8_bits_External_Synchro
PC11.Signal=DCMI_D4
PC12.Mode=I2C
PC12.Signal=I2C2_SDA
PC13.GPIOParameters=GPIO_Label,GPIO_ModeDefaultOutputPP,GPIO_PuPd
PC13.GPIO_Label=EEP_SDA
PC13.GPIO_ModeDefaultOutputPP=GPIO_MODE_OUTPUT_OD
PC13.GPIO_PuPd=GPIO_PULLUP
PC13.Locked=true
PC13.Signal=GPIO_Output
PC14-OSC32_IN.GPIOParameters=GPIO_Label,GPIO_ModeDefaultOutputPP,GPIO_PuPd
PC14-OSC32_IN.GPIO_Label=EEP_SCL
PC14-OSC32_IN.GPIO_ModeDefaultOutputPP=GPIO_MODE_OUTPUT_OD
PC14-OSC32_IN.GPIO_PuPd=GPIO_PULLUP
PC14-OSC32_IN.Locked=true
PC14-OSC32_IN.Signal=GPIO_Output
PC4.GPIOParameters=GPIO_Label
PC4.GPIO_Label=GPIO_PTT
PC4.Locked=true
PC4.Signal=GPIO_Output
PC5.GPIOParameters=GPIO_Label
PC5.GPIO_Label=GPIO_M0
PC5.Locked=true
PC5.Signal=GPIO_Input
PC6.GPIOParameters=GPIO_Speed
PC6.GPIO_Speed=GPIO_SPEED_FREQ_VERY_HIGH
PC6.Mode=Slave_8_bits_External_Synchro
PC6.Signal=DCMI_D0
PC7.GPIOParameters=GPIO_Speed
PC7.GPIO_Speed=GPIO_SPEED_FREQ_VERY_HIGH
PC7.Mode=Slave_8_bits_External_Synchro
PC7.Signal=DCMI_D1
PC8.GPIOParameters=GPIO_Speed
PC8.GPIO_Speed=GPIO_SPEED_FREQ_VERY_HIGH
PC8.Mode=Slave_8_bits_External_Synchro
PC8.Signal=DCMI_D2
PC9.GPIOParameters=GPIO_Speed
PC9.GPIO_Speed=GPIO_SPEED_FREQ_VERY_HIGH
PC9.Mode=Slave_8_bits_External_Synchro
PC9.Signal=DCMI_D3
PCC.Checker=false
PCC.Line=STM32F446
PCC.MCU=STM32F446R(C-E)Tx
PCC.MXVersion=4.19.0
PCC.PartNumber=STM32F446RETx
PCC.Seq0=4
PCC.Seq0.Step0.Average_Current=27.92 mA
PCC.Seq0.Step0.CPU_Frequency=80000000 Hz
PCC.Seq0.Step0.Category=Interpolation
PCC.Seq0.Step0.DMIPS=100.0
PCC.Seq0.Step0.Duration=1 ms
PCC.Seq0.Step0.Frequency=80.0 MHz
PCC.Seq0.Step0.Memory=RAM/FLASH/REGON/ART/PREFETCH
PCC.Seq0.Step0.Mode=RUN
PCC.Seq0.Step0.Oscillator=HSE PLL
PCC.Seq0.Step0.Peripherals=ADC1 DAC\:OUT2 DCMI DMA1 DMA2 GPIOA GPIOB GPIOC GPIOH I2C2 IWDG SPI2 TIM6 USART2 USART3
PCC.Seq0.Step0.TaMax=100.76
PCC.Seq0.Step0.User's_Consumption=0 mA
PCC.Seq0.Step0.Vcore=Scale3-Low
PCC.Seq0.Step0.Vdd=3.3
PCC.Seq0.Step0.Voltage_Source=Battery
PCC.Seq0.Step1.Average_Current=8.85 mA
PCC.Seq0.Step1.CPU_Frequency=80000000 Hz
PCC.Seq0.Step1.Category=Interpolation
PCC.Seq0.Step1.DMIPS=100.0
PCC.Seq0.Step1.Duration=3 ms
PCC.Seq0.Step1.Frequency=80.0 MHz
PCC.Seq0.Step1.Memory=FLASH/REGON
PCC.Seq0.Step1.Mode=SLEEP
PCC.Seq0.Step1.Oscillator=HSE PLL
PCC.Seq0.Step1.Peripherals=DAC\:OUT2 DCMI DMA1 DMA2 GPIOA GPIOB GPIOC GPIOH I2C2 IWDG SPI2 TIM6 USART2 USART3
PCC.Seq0.Step1.TaMax=103.66
PCC.Seq0.Step1.User's_Consumption=0 mA
PCC.Seq0.Step1.Vcore=Scale3-Low
PCC.Seq0.Step1.Vdd=3.3
PCC.Seq0.Step1.Voltage_Source=Battery
PCC.Seq0.Step2.Average_Current=1.82 mA
PCC.Seq0.Step2.CPU_Frequency=4.0 MHz
PCC.Seq0.Step2.Category=Datasheet
PCC.Seq0.Step2.DMIPS=5.0
PCC.Seq0.Step2.Duration=1 ms
PCC.Seq0.Step2.Frequency=4.0 MHz
PCC.Seq0.Step2.Memory=RAM/FLASH/REGON/ART
PCC.Seq0.Step2.Mode=RUN
PCC.Seq0.Step2.Oscillator=HSI
PCC.Seq0.Step2.Peripherals=DCMI DMA1 DMA2 GPIOA GPIOB GPIOC GPIOH I2C2 IWDG SPI2 TIM6 USART2 USART3
PCC.Seq0.Step2.TaMax=104.72
PCC.Seq0.Step2.User's_Consumption=0 mA
PCC.Seq0.Step2.Vcore=Scale3-Low
PCC.Seq0.Step2.Vdd=3.3
PCC.Seq0.Step2.Voltage_Source=Battery
PCC.Seq0.Step3.Average_Current=1.81 mA
PCC.Seq0.Step3.CPU_Frequency=4.0 MHz
PCC.Seq0.Step3.Category=Datasheet
PCC.Seq0.Step3.DMIPS=5.0
PCC.Seq0.Step3.Duration=3 ms
PCC.Seq0.Step3.Frequency=4.0 MHz
PCC.Seq0.Step3.Memory=FLASH/REGON
PCC.Seq0.Step3.Mode=SLEEP
PCC.Seq0.Step3.Oscillator=HSI
PCC.Seq0.Step3.Peripherals=DCMI DMA1 DMA2 GPIOA GPIOB GPIOC GPIOH I2C2 IWDG SPI2 TIM6 USART2 USART3
PCC.Seq0.Step3.TaMax=104.73
PCC.Seq0.Step3.User's_Consumption=0 mA
PCC.Seq0.Step3.Vcore=Scale3-Low
PCC.Seq0.Step3.Vdd=3.3
PCC.Seq0.Step3.Voltage_Source=Battery
PCC.Series=STM32F4
PCC.Temperature=25
PCC.Vdd=3.3
PH0-OSC_IN.Mode=HSE-External-Oscillator
PH0-OSC_IN.Signal=RCC_OSC_IN
PH1-OSC_OUT.Mode=HSE-External-Oscillator
PH1-OSC_OUT.Signal=RCC_OSC_OUT
ProjectManager.AskForMigrate=false
ProjectManager.BackupPrevious=false
ProjectManager.CompilerOptimize=2
ProjectManager.ComputerToolchain=false
ProjectManager.CoupleFile=false
ProjectManager.CustomerFirmwarePackage=
ProjectManager.DefaultFWLocation=true
ProjectManager.DeletePrevious=true
ProjectManager.DeviceId=STM32F446RETx
ProjectManager.FirmwarePackage=STM32Cube FW_F4 V1.13.1
ProjectManager.FreePins=true
ProjectManager.HalAssertFull=false
ProjectManager.HeapSize=0x200
ProjectManager.KeepUserCode=true
ProjectManager.LastFirmware=true
ProjectManager.LibraryCopy=1
ProjectManager.PreviousToolchain=
ProjectManager.ProjectBuild=false
ProjectManager.ProjectFileName=satcam.ioc
ProjectManager.ProjectName=satcam
ProjectManager.StackSize=0x400
ProjectManager.TargetToolchain=SW4STM32
ProjectManager.ToolChainLocation=D\:\\projects\\satcam\\STM32_mini
ProjectManager.UnderRoot=false
ProjectManager.functionlistsort=1-MX_GPIO_Init-GPIO-false-HAL,2-MX_DMA_Init-DMA-false-HAL,3-SystemClock_Config-RCC-false-HAL,4-MX_ADC1_Init-ADC1-false-HAL,5-MX_CRC_Init-CRC-false-HAL,6-MX_DAC_Init-DAC-false-HAL,7-MX_DCMI_Init-DCMI-false-HAL,8-MX_I2C2_Init-I2C2-false-HAL,9-MX_IWDG_Init-IWDG-false-HAL,10-MX_TIM6_Init-TIM6-false-HAL,11-MX_USART2_UART_Init-USART2-false-HAL
RCC.48MHZClocksFreq_Value=84000000
RCC.AHBCLKDivider=RCC_SYSCLK_DIV2
RCC.AHBFreq_Value=4000000
RCC.APB1Freq_Value=4000000
RCC.APB1TimFreq_Value=4000000
RCC.APB2Freq_Value=4000000
RCC.APB2TimFreq_Value=4000000
RCC.CECFreq_Value=32786.88524590164
RCC.CortexFreq_Value=4000000
RCC.EthernetFreq_Value=84000000
RCC.FCLKCortexFreq_Value=4000000
RCC.FMPI2C1Freq_Value=4000000
RCC.FamilyName=M
RCC.HCLKFreq_Value=4000000
RCC.HSE_VALUE=8000000
RCC.HSI_VALUE=16000000
RCC.I2S1Freq_Value=3174603.1746031744
RCC.I2S2Freq_Value=3174603.1746031744
RCC.I2SClocksFreq_Value=96000000
RCC.IPParameters=48MHZClocksFreq_Value,AHBCLKDivider,AHBFreq_Value,APB1Freq_Value,APB1TimFreq_Value,APB2Freq_Value,APB2TimFreq_Value,CECFreq_Value,CortexFreq_Value,EthernetFreq_Value,FCLKCortexFreq_Value,FMPI2C1Freq_Value,FamilyName,HCLKFreq_Value,HSE_VALUE,HSI_VALUE,I2S1Freq_Value,I2S2Freq_Value,I2SClocksFreq_Value,LSI_VALUE,MCO1PinFreq_Value,MCO2PinFreq_Value,PLLCLKFreq_Value,PLLI2SM,PLLI2SN,PLLI2SPCLKFreq_Value,PLLI2SQCLKFreq_Value,PLLI2SRCLKFreq_Value,PLLI2SoutputFreq_Value,PLLM,PLLN,PLLQCLKFreq_Value,PLLR,PLLRCLKFreq_Value,PLLSAIM,PLLSAIN,PLLSAIPCLKFreq_Value,PLLSAIQCLKFreq_Value,PLLSAIoutputFreq_Value,PLLSourceVirtual,PREFETCH_ENABLE,PWRFreq_Value,RCC_MCO1Source,RCC_MCODiv1,RTCFreq_Value,RTCHSEDivFreq_Value,SAIAFreq_Value,SAIBFreq_Value,SDIOFreq_Value,SPDIFRXFreq_Value,SYSCLKFreq_VALUE,SYSCLKSource,USBFreq_Value,VCOI2SInputFreq_Value,VCOI2SOutputFreq_Value,VCOInputFreq_Value,VCOInputMFreq_Value,VCOOutputFreq_Value,VCOSAIInputFreq_Value,VCOSAIOutputFreq_Value,VDD_VALUE,VcooutputI2S
RCC.LSI_VALUE=32000
RCC.MCO1PinFreq_Value=16000000
RCC.MCO2PinFreq_Value=8000000
RCC.PLLCLKFreq_Value=80000000
RCC.PLLI2SM=63
RCC.PLLI2SN=50
RCC.PLLI2SPCLKFreq_Value=3174603.1746031744
RCC.PLLI2SQCLKFreq_Value=3174603.1746031744
RCC.PLLI2SRCLKFreq_Value=3174603.1746031744
RCC.PLLI2SoutputFreq_Value=3174603.1746031744
RCC.PLLM=8
RCC.PLLN=160
RCC.PLLQCLKFreq_Value=80000000
RCC.PLLR=7
RCC.PLLRCLKFreq_Value=22857142.85714286
RCC.PLLSAIM=63
RCC.PLLSAIN=50
RCC.PLLSAIPCLKFreq_Value=3174603.1746031744
RCC.PLLSAIQCLKFreq_Value=3174603.1746031744
RCC.PLLSAIoutputFreq_Value=3174603.1746031744
RCC.PLLSourceVirtual=RCC_PLLSOURCE_HSE
RCC.PREFETCH_ENABLE=0
RCC.PWRFreq_Value=8000000
RCC.RCC_MCO1Source=RCC_MCO1SOURCE_PLLCLK
RCC.RCC_MCODiv1=RCC_MCODIV_5
RCC.RTCFreq_Value=32000
RCC.RTCHSEDivFreq_Value=4000000
RCC.SAIAFreq_Value=3174603.1746031744
RCC.SAIBFreq_Value=3174603.1746031744
RCC.SDIOFreq_Value=80000000
RCC.SPDIFRXFreq_Value=22857142.85714286
RCC.SYSCLKFreq_VALUE=8000000
RCC.SYSCLKSource=RCC_SYSCLKSOURCE_HSE
RCC.USBFreq_Value=80000000
RCC.VCOI2SInputFreq_Value=126984.12698412698
RCC.VCOI2SOutputFreq_Value=6349206.349206349
RCC.VCOInputFreq_Value=1000000
RCC.VCOInputMFreq_Value=1000000
RCC.VCOOutputFreq_Value=160000000
RCC.VCOSAIInputFreq_Value=126984.12698412698
RCC.VCOSAIOutputFreq_Value=6349206.349206349
RCC.VDD_VALUE=2.8
RCC.VcooutputI2S=96000000
SH.ADCx_IN0.0=ADC1_IN0,IN0
SH.ADCx_IN0.ConfNb=1
SH.COMP_DAC2_group.0=DAC_OUT2,DAC_OUT2
SH.COMP_DAC2_group.ConfNb=1
TIM6.IPParameters=Prescaler,Period,TIM_MasterOutputTrigger
TIM6.Period=49
TIM6.Prescaler=19
TIM6.TIM_MasterOutputTrigger=TIM_TRGO_UPDATE
USART2.BaudRate=9600
USART2.IPParameters=BaudRate
VP_ADC1_TempSens_Input.Mode=IN-TempSens
VP_ADC1_TempSens_Input.Signal=ADC1_TempSens_Input
VP_CRC_VS_CRC.Mode=CRC_Activate
VP_CRC_VS_CRC.Signal=CRC_VS_CRC
VP_IWDG_VS_IWDG.Mode=IWDG_Activate
VP_IWDG_VS_IWDG.Signal=IWDG_VS_IWDG
VP_SYS_VS_Systick.Mode=SysTick
VP_SYS_VS_Systick.Signal=SYS_VS_Systick
VP_TIM6_VS_ClockSourceINT.Mode=Enable_Timer
VP_TIM6_VS_ClockSourceINT.Signal=TIM6_VS_ClockSourceINT
board=NUCLEO-F446RE
boardIOC=true
